// !$*UTF8*$!
{
	archiveVersion = 1;
	classes = {
	};
	objectVersion = 56;
	objects = {

/* Begin PBXBuildFile section */
		3966D89F2C16053E00910A16 /* EventAppNavigationPathValue.swift in Sources */ = {isa = PBXBuildFile; fileRef = 3966D89E2C16053E00910A16 /* EventAppNavigationPathValue.swift */; };
		39FC541E2C1378F300240B93 /* EventAppColorTheme.swift in Sources */ = {isa = PBXBuildFile; fileRef = 39FC541D2C1378F300240B93 /* EventAppColorTheme.swift */; };
		39FC54222C1388BF00240B93 /* SignInView.swift in Sources */ = {isa = PBXBuildFile; fileRef = 39FC54212C1388BF00240B93 /* SignInView.swift */; };
		39FC54242C1388D800240B93 /* SignupView.swift in Sources */ = {isa = PBXBuildFile; fileRef = 39FC54232C1388D800240B93 /* SignupView.swift */; };
		39FC54262C13F39A00240B93 /* EventAppAutheticationValue.swift in Sources */ = {isa = PBXBuildFile; fileRef = 39FC54252C13F39A00240B93 /* EventAppAutheticationValue.swift */; };
		B370C6C82C15251D00C28E67 /* APIManager.swift in Sources */ = {isa = PBXBuildFile; fileRef = B370C6C72C15251D00C28E67 /* APIManager.swift */; };
		B370C6CB2C15254200C28E67 /* GoogleSignIn in Frameworks */ = {isa = PBXBuildFile; productRef = B370C6CA2C15254200C28E67 /* GoogleSignIn */; };
		B370C6CD2C15254200C28E67 /* GoogleSignInSwift in Frameworks */ = {isa = PBXBuildFile; productRef = B370C6CC2C15254200C28E67 /* GoogleSignInSwift */; };
		B370C6D02C15257F00C28E67 /* FirebaseAnalytics in Frameworks */ = {isa = PBXBuildFile; productRef = B370C6CF2C15257F00C28E67 /* FirebaseAnalytics */; };
		B370C6D22C15257F00C28E67 /* FirebaseAnalyticsOnDeviceConversion in Frameworks */ = {isa = PBXBuildFile; productRef = B370C6D12C15257F00C28E67 /* FirebaseAnalyticsOnDeviceConversion */; };
		B370C6D42C15257F00C28E67 /* FirebaseAnalyticsSwift in Frameworks */ = {isa = PBXBuildFile; productRef = B370C6D32C15257F00C28E67 /* FirebaseAnalyticsSwift */; };
		B370C6D62C15257F00C28E67 /* FirebaseAnalyticsWithoutAdIdSupport in Frameworks */ = {isa = PBXBuildFile; productRef = B370C6D52C15257F00C28E67 /* FirebaseAnalyticsWithoutAdIdSupport */; };
		B370C6D82C15257F00C28E67 /* FirebaseAppCheck in Frameworks */ = {isa = PBXBuildFile; productRef = B370C6D72C15257F00C28E67 /* FirebaseAppCheck */; };
		B370C6DB2C15258C00C28E67 /* KeychainAccess in Frameworks */ = {isa = PBXBuildFile; productRef = B370C6DA2C15258C00C28E67 /* KeychainAccess */; };
		B370C6DD2C15259700C28E67 /* FirebaseManager.swift in Sources */ = {isa = PBXBuildFile; fileRef = B370C6DC2C15259700C28E67 /* FirebaseManager.swift */; };
		B370C6E02C1525AE00C28E67 /* FirebaseAuth in Frameworks */ = {isa = PBXBuildFile; productRef = B370C6DF2C1525AE00C28E67 /* FirebaseAuth */; };
		B370C6E22C1525C200C28E67 /* TokenManager.swift in Sources */ = {isa = PBXBuildFile; fileRef = B370C6E12C1525C200C28E67 /* TokenManager.swift */; };
		B370C6E42C1525DC00C28E67 /* WebService.swift in Sources */ = {isa = PBXBuildFile; fileRef = B370C6E32C1525DC00C28E67 /* WebService.swift */; };
		B370C6E72C15260600C28E67 /* AppStateHandler.swift in Sources */ = {isa = PBXBuildFile; fileRef = B370C6E62C15260600C28E67 /* AppStateHandler.swift */; };
		B370C6EA2C15263200C28E67 /* AppDelegate.swift in Sources */ = {isa = PBXBuildFile; fileRef = B370C6E92C15263200C28E67 /* AppDelegate.swift */; };
		B370C6EC2C15267200C28E67 /* GoogleAuthenticationViewModel.swift in Sources */ = {isa = PBXBuildFile; fileRef = B370C6EB2C15267200C28E67 /* GoogleAuthenticationViewModel.swift */; };
		B715B8CE2C1C8E510018130B /* ProfileImagesMock.swift in Sources */ = {isa = PBXBuildFile; fileRef = B715B8CD2C1C8E510018130B /* ProfileImagesMock.swift */; };
		B731AAD32C15FEFC00A3E8C2 /* EventMock.swift in Sources */ = {isa = PBXBuildFile; fileRef = B731AAD22C15FEFC00A3E8C2 /* EventMock.swift */; };
		B731AAD52C16003300A3E8C2 /* ParticipantMock.swift in Sources */ = {isa = PBXBuildFile; fileRef = B731AAD42C16003300A3E8C2 /* ParticipantMock.swift */; };
		B731AAD72C16006900A3E8C2 /* EventUnitMock.swift in Sources */ = {isa = PBXBuildFile; fileRef = B731AAD62C16006900A3E8C2 /* EventUnitMock.swift */; };
		B731AADA2C16066E00A3E8C2 /* AdminMock.swift in Sources */ = {isa = PBXBuildFile; fileRef = B731AAD92C16066E00A3E8C2 /* AdminMock.swift */; };
		B731AADD2C1606E300A3E8C2 /* UnitMock.swift in Sources */ = {isa = PBXBuildFile; fileRef = B731AADC2C1606E300A3E8C2 /* UnitMock.swift */; };
		B731AAE32C160B9B00A3E8C2 /* Date.swift in Sources */ = {isa = PBXBuildFile; fileRef = B731AAE22C160B9B00A3E8C2 /* Date.swift */; };
		B750573A2C160F9300D742E8 /* UnitAdminModel.swift in Sources */ = {isa = PBXBuildFile; fileRef = B75057392C160F9300D742E8 /* UnitAdminModel.swift */; };
		B7720E1C2C11E5B100A053F6 /* Theme.swift in Sources */ = {isa = PBXBuildFile; fileRef = B7720E1B2C11E5B100A053F6 /* Theme.swift */; };
		B79C361E2C1AC4A5001B4EB5 /* EventParticipants.swift in Sources */ = {isa = PBXBuildFile; fileRef = B79C361D2C1AC4A5001B4EB5 /* EventParticipants.swift */; };
		B7C69A642C14D3BA0055DDD9 /* UserModel.swift in Sources */ = {isa = PBXBuildFile; fileRef = B7C69A632C14D3BA0055DDD9 /* UserModel.swift */; };
		B7C69A682C14D78F0055DDD9 /* SignInModel.swift in Sources */ = {isa = PBXBuildFile; fileRef = B7C69A672C14D78F0055DDD9 /* SignInModel.swift */; };
		B7C69A6C2C14D8B40055DDD9 /* EventModel.swift in Sources */ = {isa = PBXBuildFile; fileRef = B7C69A6B2C14D8B40055DDD9 /* EventModel.swift */; };
		B7C69A6E2C14D9EF0055DDD9 /* OrganizerModel.swift in Sources */ = {isa = PBXBuildFile; fileRef = B7C69A6D2C14D9EF0055DDD9 /* OrganizerModel.swift */; };
		B7C69A702C14DDAC0055DDD9 /* UpdateEventInfoDTO.swift in Sources */ = {isa = PBXBuildFile; fileRef = B7C69A6F2C14DDAC0055DDD9 /* UpdateEventInfoDTO.swift */; };
		B7C69A722C14DE900055DDD9 /* UpdateEventStatusDTO.swift in Sources */ = {isa = PBXBuildFile; fileRef = B7C69A712C14DE900055DDD9 /* UpdateEventStatusDTO.swift */; };
		B7C69A742C14DF380055DDD9 /* UnitModel.swift in Sources */ = {isa = PBXBuildFile; fileRef = B7C69A732C14DF380055DDD9 /* UnitModel.swift */; };
		B7C69A762C14DF880055DDD9 /* UnitMemberModel.swift in Sources */ = {isa = PBXBuildFile; fileRef = B7C69A752C14DF880055DDD9 /* UnitMemberModel.swift */; };
		B7C69A782C14E0210055DDD9 /* EventUnitModel.swift in Sources */ = {isa = PBXBuildFile; fileRef = B7C69A772C14E0210055DDD9 /* EventUnitModel.swift */; };
		B7C69A7A2C14E0D40055DDD9 /* RestrictedTokenModel.swift in Sources */ = {isa = PBXBuildFile; fileRef = B7C69A792C14E0D40055DDD9 /* RestrictedTokenModel.swift */; };
		B7C69A7C2C14E1160055DDD9 /* SignOutModel.swift in Sources */ = {isa = PBXBuildFile; fileRef = B7C69A7B2C14E1160055DDD9 /* SignOutModel.swift */; };
		B7C69A7E2C14E18B0055DDD9 /* AdminModel.swift in Sources */ = {isa = PBXBuildFile; fileRef = B7C69A7D2C14E18B0055DDD9 /* AdminModel.swift */; };
		B7C69A822C14E4280055DDD9 /* UpdateParticipantStatusDTO.swift in Sources */ = {isa = PBXBuildFile; fileRef = B7C69A812C14E4280055DDD9 /* UpdateParticipantStatusDTO.swift */; };
		B7C69A842C14E5C00055DDD9 /* UpdateEventUnitDTO.swift in Sources */ = {isa = PBXBuildFile; fileRef = B7C69A832C14E5C00055DDD9 /* UpdateEventUnitDTO.swift */; };
		B7C69A862C14E5D50055DDD9 /* ParticipantModel.swift in Sources */ = {isa = PBXBuildFile; fileRef = B7C69A852C14E5D50055DDD9 /* ParticipantModel.swift */; };
		B7C69A8D2C14F7850055DDD9 /* SignUpModel.swift in Sources */ = {isa = PBXBuildFile; fileRef = B7C69A8C2C14F7850055DDD9 /* SignUpModel.swift */; };
		B7C69A902C14F8D30055DDD9 /* UserMock.swift in Sources */ = {isa = PBXBuildFile; fileRef = B7C69A8F2C14F8D30055DDD9 /* UserMock.swift */; };
		B7C69A922C14F93D0055DDD9 /* OrganizerMock.swift in Sources */ = {isa = PBXBuildFile; fileRef = B7C69A912C14F93D0055DDD9 /* OrganizerMock.swift */; };
		B7C69A982C14F9E40055DDD9 /* SignUpMock.swift in Sources */ = {isa = PBXBuildFile; fileRef = B7C69A972C14F9E40055DDD9 /* SignUpMock.swift */; };
		B7C69A9A2C14F9EC0055DDD9 /* SignInMock.swift in Sources */ = {isa = PBXBuildFile; fileRef = B7C69A992C14F9EC0055DDD9 /* SignInMock.swift */; };
		B7C69A9E2C14FA850055DDD9 /* SignOutMock.swift in Sources */ = {isa = PBXBuildFile; fileRef = B7C69A9D2C14FA850055DDD9 /* SignOutMock.swift */; };
		B7DFB3BF2C16145000BB53E7 /* SignUpDTOMock.swift in Sources */ = {isa = PBXBuildFile; fileRef = B7DFB3BE2C16145000BB53E7 /* SignUpDTOMock.swift */; };
		B7DFB3C12C16145800BB53E7 /* SignInDTOMock.swift in Sources */ = {isa = PBXBuildFile; fileRef = B7DFB3C02C16145800BB53E7 /* SignInDTOMock.swift */; };
		B7DFB3C32C16145D00BB53E7 /* SignOutDTOMock.swift in Sources */ = {isa = PBXBuildFile; fileRef = B7DFB3C22C16145D00BB53E7 /* SignOutDTOMock.swift */; };
		B7DFB3D72C16ED4300BB53E7 /* ConfirmationView.swift in Sources */ = {isa = PBXBuildFile; fileRef = B7DFB3D62C16ED4300BB53E7 /* ConfirmationView.swift */; };
		B7DFB3DB2C17091C00BB53E7 /* View.swift in Sources */ = {isa = PBXBuildFile; fileRef = B7DFB3DA2C17091C00BB53E7 /* View.swift */; };
		B7FC26D72C19C0B800C1D7FD /* ReusableButton.swift in Sources */ = {isa = PBXBuildFile; fileRef = B7FC26D62C19C0B800C1D7FD /* ReusableButton.swift */; };
		B7FC26D92C19C19F00C1D7FD /* EventCard.swift in Sources */ = {isa = PBXBuildFile; fileRef = B7FC26D82C19C19F00C1D7FD /* EventCard.swift */; };
		B7FC26DB2C19C37000C1D7FD /* GetAllEventsViewModel.swift in Sources */ = {isa = PBXBuildFile; fileRef = B7FC26DA2C19C37000C1D7FD /* GetAllEventsViewModel.swift */; };
		B7FC26DD2C19C48F00C1D7FD /* EventImageMock.swift in Sources */ = {isa = PBXBuildFile; fileRef = B7FC26DC2C19C48F00C1D7FD /* EventImageMock.swift */; };
		B7FCBFF42C15964100C8C531 /* SignUpDTO.swift in Sources */ = {isa = PBXBuildFile; fileRef = B7FCBFF32C15964100C8C531 /* SignUpDTO.swift */; };
		B7FCBFF62C15966F00C8C531 /* SignInDTO.swift in Sources */ = {isa = PBXBuildFile; fileRef = B7FCBFF52C15966F00C8C531 /* SignInDTO.swift */; };
		B7FCBFF82C15A15100C8C531 /* CreateEventDTO.swift in Sources */ = {isa = PBXBuildFile; fileRef = B7FCBFF72C15A15100C8C531 /* CreateEventDTO.swift */; };
		B7FCBFFA2C15A19A00C8C531 /* SignOutDTO.swift in Sources */ = {isa = PBXBuildFile; fileRef = B7FCBFF92C15A19A00C8C531 /* SignOutDTO.swift */; };
		B7FCBFFD2C15A85B00C8C531 /* CreateParticipantDTO.swift in Sources */ = {isa = PBXBuildFile; fileRef = B7FCBFFC2C15A85B00C8C531 /* CreateParticipantDTO.swift */; };
		BC2711702C195D8C00A99157 /* SignupForm.swift in Sources */ = {isa = PBXBuildFile; fileRef = BC27116F2C195D8C00A99157 /* SignupForm.swift */; };
		BC2711732C195F8C00A99157 /* TabScreenView.swift in Sources */ = {isa = PBXBuildFile; fileRef = BC2711722C195F8C00A99157 /* TabScreenView.swift */; };
		BC2711752C19909D00A99157 /* HomeTest.swift in Sources */ = {isa = PBXBuildFile; fileRef = BC2711742C19909D00A99157 /* HomeTest.swift */; };
		BC2711772C19910000A99157 /* TabViewEnum.swift in Sources */ = {isa = PBXBuildFile; fileRef = BC2711762C1990FF00A99157 /* TabViewEnum.swift */; };
		BC27117B2C1991E400A99157 /* ChildView.swift in Sources */ = {isa = PBXBuildFile; fileRef = BC27117A2C1991E400A99157 /* ChildView.swift */; };
		BC27117F2C19920000A99157 /* SecondChildView.swift in Sources */ = {isa = PBXBuildFile; fileRef = BC27117E2C19920000A99157 /* SecondChildView.swift */; };
		BC6157C52C1E0CF400F78A9E /* SearchBar.swift in Sources */ = {isa = PBXBuildFile; fileRef = BC6157C42C1E0CF400F78A9E /* SearchBar.swift */; };
		BCBE02442C116C1000A9EE3E /* Events_auApp.swift in Sources */ = {isa = PBXBuildFile; fileRef = BCBE02432C116C1000A9EE3E /* Events_auApp.swift */; };
		BCBE02462C116C1000A9EE3E /* ContentView.swift in Sources */ = {isa = PBXBuildFile; fileRef = BCBE02452C116C1000A9EE3E /* ContentView.swift */; };
		BCBE02482C116C1300A9EE3E /* Assets.xcassets in Resources */ = {isa = PBXBuildFile; fileRef = BCBE02472C116C1300A9EE3E /* Assets.xcassets */; };
		BCBE02522C116C4400A9EE3E /* Service.swift in Sources */ = {isa = PBXBuildFile; fileRef = BCBE02512C116C4400A9EE3E /* Service.swift */; };
		BCBE02542C116C8E00A9EE3E /* Utility.swift in Sources */ = {isa = PBXBuildFile; fileRef = BCBE02532C116C8E00A9EE3E /* Utility.swift */; };
		BCBE02582C116CCA00A9EE3E /* Helper.swift in Sources */ = {isa = PBXBuildFile; fileRef = BCBE02572C116CCA00A9EE3E /* Helper.swift */; };
		BCBE02602C116D2900A9EE3E /* Component.swift in Sources */ = {isa = PBXBuildFile; fileRef = BCBE025F2C116D2900A9EE3E /* Component.swift */; };
/* End PBXBuildFile section */

/* Begin PBXFileReference section */
		3966D89E2C16053E00910A16 /* EventAppNavigationPathValue.swift */ = {isa = PBXFileReference; lastKnownFileType = sourcecode.swift; path = EventAppNavigationPathValue.swift; sourceTree = "<group>"; };
		39FC541D2C1378F300240B93 /* EventAppColorTheme.swift */ = {isa = PBXFileReference; lastKnownFileType = sourcecode.swift; path = EventAppColorTheme.swift; sourceTree = "<group>"; };
		39FC54212C1388BF00240B93 /* SignInView.swift */ = {isa = PBXFileReference; lastKnownFileType = sourcecode.swift; path = SignInView.swift; sourceTree = "<group>"; };
		39FC54232C1388D800240B93 /* SignupView.swift */ = {isa = PBXFileReference; lastKnownFileType = sourcecode.swift; path = SignupView.swift; sourceTree = "<group>"; };
		39FC54252C13F39A00240B93 /* EventAppAutheticationValue.swift */ = {isa = PBXFileReference; lastKnownFileType = sourcecode.swift; path = EventAppAutheticationValue.swift; sourceTree = "<group>"; };
		B370C6C72C15251D00C28E67 /* APIManager.swift */ = {isa = PBXFileReference; lastKnownFileType = sourcecode.swift; path = APIManager.swift; sourceTree = "<group>"; };
		B370C6DC2C15259700C28E67 /* FirebaseManager.swift */ = {isa = PBXFileReference; lastKnownFileType = sourcecode.swift; path = FirebaseManager.swift; sourceTree = "<group>"; };
		B370C6E12C1525C200C28E67 /* TokenManager.swift */ = {isa = PBXFileReference; lastKnownFileType = sourcecode.swift; path = TokenManager.swift; sourceTree = "<group>"; };
		B370C6E32C1525DC00C28E67 /* WebService.swift */ = {isa = PBXFileReference; lastKnownFileType = sourcecode.swift; path = WebService.swift; sourceTree = "<group>"; };
		B370C6E62C15260600C28E67 /* AppStateHandler.swift */ = {isa = PBXFileReference; lastKnownFileType = sourcecode.swift; path = AppStateHandler.swift; sourceTree = "<group>"; };
		B370C6E92C15263200C28E67 /* AppDelegate.swift */ = {isa = PBXFileReference; lastKnownFileType = sourcecode.swift; path = AppDelegate.swift; sourceTree = "<group>"; };
		B370C6EB2C15267200C28E67 /* GoogleAuthenticationViewModel.swift */ = {isa = PBXFileReference; lastKnownFileType = sourcecode.swift; path = GoogleAuthenticationViewModel.swift; sourceTree = "<group>"; };
		B715B8CD2C1C8E510018130B /* ProfileImagesMock.swift */ = {isa = PBXFileReference; lastKnownFileType = sourcecode.swift; path = ProfileImagesMock.swift; sourceTree = "<group>"; };
		B731AAD22C15FEFC00A3E8C2 /* EventMock.swift */ = {isa = PBXFileReference; lastKnownFileType = sourcecode.swift; path = EventMock.swift; sourceTree = "<group>"; };
		B731AAD42C16003300A3E8C2 /* ParticipantMock.swift */ = {isa = PBXFileReference; lastKnownFileType = sourcecode.swift; path = ParticipantMock.swift; sourceTree = "<group>"; };
		B731AAD62C16006900A3E8C2 /* EventUnitMock.swift */ = {isa = PBXFileReference; lastKnownFileType = sourcecode.swift; path = EventUnitMock.swift; sourceTree = "<group>"; };
		B731AAD92C16066E00A3E8C2 /* AdminMock.swift */ = {isa = PBXFileReference; lastKnownFileType = sourcecode.swift; path = AdminMock.swift; sourceTree = "<group>"; };
		B731AADC2C1606E300A3E8C2 /* UnitMock.swift */ = {isa = PBXFileReference; lastKnownFileType = sourcecode.swift; path = UnitMock.swift; sourceTree = "<group>"; };
		B731AAE02C16085700A3E8C2 /* UnitAdminModel.swift */ = {isa = PBXFileReference; lastKnownFileType = sourcecode.swift; path = UnitAdminModel.swift; sourceTree = "<group>"; };
		B731AAE22C160B9B00A3E8C2 /* Date.swift */ = {isa = PBXFileReference; lastKnownFileType = sourcecode.swift; path = Date.swift; sourceTree = "<group>"; };
		B75057392C160F9300D742E8 /* UnitAdminModel.swift */ = {isa = PBXFileReference; lastKnownFileType = sourcecode.swift; path = UnitAdminModel.swift; sourceTree = "<group>"; };
		B7720E1B2C11E5B100A053F6 /* Theme.swift */ = {isa = PBXFileReference; lastKnownFileType = sourcecode.swift; path = Theme.swift; sourceTree = "<group>"; };
		B79C361D2C1AC4A5001B4EB5 /* EventParticipants.swift */ = {isa = PBXFileReference; lastKnownFileType = sourcecode.swift; path = EventParticipants.swift; sourceTree = "<group>"; };
		B7C69A632C14D3BA0055DDD9 /* UserModel.swift */ = {isa = PBXFileReference; lastKnownFileType = sourcecode.swift; path = UserModel.swift; sourceTree = "<group>"; };
		B7C69A672C14D78F0055DDD9 /* SignInModel.swift */ = {isa = PBXFileReference; lastKnownFileType = sourcecode.swift; path = SignInModel.swift; sourceTree = "<group>"; };
		B7C69A6B2C14D8B40055DDD9 /* EventModel.swift */ = {isa = PBXFileReference; lastKnownFileType = sourcecode.swift; path = EventModel.swift; sourceTree = "<group>"; };
		B7C69A6D2C14D9EF0055DDD9 /* OrganizerModel.swift */ = {isa = PBXFileReference; lastKnownFileType = sourcecode.swift; path = OrganizerModel.swift; sourceTree = "<group>"; };
		B7C69A6F2C14DDAC0055DDD9 /* UpdateEventInfoDTO.swift */ = {isa = PBXFileReference; lastKnownFileType = sourcecode.swift; path = UpdateEventInfoDTO.swift; sourceTree = "<group>"; };
		B7C69A712C14DE900055DDD9 /* UpdateEventStatusDTO.swift */ = {isa = PBXFileReference; lastKnownFileType = sourcecode.swift; path = UpdateEventStatusDTO.swift; sourceTree = "<group>"; };
		B7C69A732C14DF380055DDD9 /* UnitModel.swift */ = {isa = PBXFileReference; lastKnownFileType = sourcecode.swift; path = UnitModel.swift; sourceTree = "<group>"; };
		B7C69A752C14DF880055DDD9 /* UnitMemberModel.swift */ = {isa = PBXFileReference; lastKnownFileType = sourcecode.swift; path = UnitMemberModel.swift; sourceTree = "<group>"; };
		B7C69A772C14E0210055DDD9 /* EventUnitModel.swift */ = {isa = PBXFileReference; lastKnownFileType = sourcecode.swift; path = EventUnitModel.swift; sourceTree = "<group>"; };
		B7C69A792C14E0D40055DDD9 /* RestrictedTokenModel.swift */ = {isa = PBXFileReference; lastKnownFileType = sourcecode.swift; path = RestrictedTokenModel.swift; sourceTree = "<group>"; };
		B7C69A7B2C14E1160055DDD9 /* SignOutModel.swift */ = {isa = PBXFileReference; lastKnownFileType = sourcecode.swift; path = SignOutModel.swift; sourceTree = "<group>"; };
		B7C69A7D2C14E18B0055DDD9 /* AdminModel.swift */ = {isa = PBXFileReference; lastKnownFileType = sourcecode.swift; path = AdminModel.swift; sourceTree = "<group>"; };
		B7C69A812C14E4280055DDD9 /* UpdateParticipantStatusDTO.swift */ = {isa = PBXFileReference; lastKnownFileType = sourcecode.swift; path = UpdateParticipantStatusDTO.swift; sourceTree = "<group>"; };
		B7C69A832C14E5C00055DDD9 /* UpdateEventUnitDTO.swift */ = {isa = PBXFileReference; lastKnownFileType = sourcecode.swift; path = UpdateEventUnitDTO.swift; sourceTree = "<group>"; };
		B7C69A852C14E5D50055DDD9 /* ParticipantModel.swift */ = {isa = PBXFileReference; lastKnownFileType = sourcecode.swift; path = ParticipantModel.swift; sourceTree = "<group>"; };
		B7C69A8C2C14F7850055DDD9 /* SignUpModel.swift */ = {isa = PBXFileReference; lastKnownFileType = sourcecode.swift; path = SignUpModel.swift; sourceTree = "<group>"; };
		B7C69A8F2C14F8D30055DDD9 /* UserMock.swift */ = {isa = PBXFileReference; lastKnownFileType = sourcecode.swift; path = UserMock.swift; sourceTree = "<group>"; };
		B7C69A912C14F93D0055DDD9 /* OrganizerMock.swift */ = {isa = PBXFileReference; lastKnownFileType = sourcecode.swift; path = OrganizerMock.swift; sourceTree = "<group>"; };
		B7C69A972C14F9E40055DDD9 /* SignUpMock.swift */ = {isa = PBXFileReference; lastKnownFileType = sourcecode.swift; path = SignUpMock.swift; sourceTree = "<group>"; };
		B7C69A992C14F9EC0055DDD9 /* SignInMock.swift */ = {isa = PBXFileReference; lastKnownFileType = sourcecode.swift; path = SignInMock.swift; sourceTree = "<group>"; };
		B7C69A9D2C14FA850055DDD9 /* SignOutMock.swift */ = {isa = PBXFileReference; lastKnownFileType = sourcecode.swift; path = SignOutMock.swift; sourceTree = "<group>"; };
		B7DFB3BE2C16145000BB53E7 /* SignUpDTOMock.swift */ = {isa = PBXFileReference; lastKnownFileType = sourcecode.swift; path = SignUpDTOMock.swift; sourceTree = "<group>"; };
		B7DFB3C02C16145800BB53E7 /* SignInDTOMock.swift */ = {isa = PBXFileReference; lastKnownFileType = sourcecode.swift; path = SignInDTOMock.swift; sourceTree = "<group>"; };
		B7DFB3C22C16145D00BB53E7 /* SignOutDTOMock.swift */ = {isa = PBXFileReference; lastKnownFileType = sourcecode.swift; path = SignOutDTOMock.swift; sourceTree = "<group>"; };
		B7DFB3D62C16ED4300BB53E7 /* ConfirmationView.swift */ = {isa = PBXFileReference; lastKnownFileType = sourcecode.swift; path = ConfirmationView.swift; sourceTree = "<group>"; };
		B7DFB3DA2C17091C00BB53E7 /* View.swift */ = {isa = PBXFileReference; lastKnownFileType = sourcecode.swift; path = View.swift; sourceTree = "<group>"; };
		B7DFB4062C17E93B00BB53E7 /* SFPRODISPLAYREGULAR.OTF */ = {isa = PBXFileReference; lastKnownFileType = file; path = SFPRODISPLAYREGULAR.OTF; sourceTree = "<group>"; };
		B7DFB40C2C17E97E00BB53E7 /* Events-au-Info.plist */ = {isa = PBXFileReference; lastKnownFileType = text.plist; path = "Events-au-Info.plist"; sourceTree = SOURCE_ROOT; };
		B7DFB40D2C17EB8900BB53E7 /* SFProDisplay-Semibold.ttf */ = {isa = PBXFileReference; lastKnownFileType = file; path = "SFProDisplay-Semibold.ttf"; sourceTree = "<group>"; };
		B7FC26D62C19C0B800C1D7FD /* ReusableButton.swift */ = {isa = PBXFileReference; lastKnownFileType = sourcecode.swift; path = ReusableButton.swift; sourceTree = "<group>"; };
		B7FC26D82C19C19F00C1D7FD /* EventCard.swift */ = {isa = PBXFileReference; lastKnownFileType = sourcecode.swift; path = EventCard.swift; sourceTree = "<group>"; };
		B7FC26DA2C19C37000C1D7FD /* GetAllEventsViewModel.swift */ = {isa = PBXFileReference; lastKnownFileType = sourcecode.swift; path = GetAllEventsViewModel.swift; sourceTree = "<group>"; };
		B7FC26DC2C19C48F00C1D7FD /* EventImageMock.swift */ = {isa = PBXFileReference; lastKnownFileType = sourcecode.swift; path = EventImageMock.swift; sourceTree = "<group>"; };
		B7FCBFF32C15964100C8C531 /* SignUpDTO.swift */ = {isa = PBXFileReference; lastKnownFileType = sourcecode.swift; path = SignUpDTO.swift; sourceTree = "<group>"; };
		B7FCBFF52C15966F00C8C531 /* SignInDTO.swift */ = {isa = PBXFileReference; lastKnownFileType = sourcecode.swift; path = SignInDTO.swift; sourceTree = "<group>"; };
		B7FCBFF72C15A15100C8C531 /* CreateEventDTO.swift */ = {isa = PBXFileReference; lastKnownFileType = sourcecode.swift; path = CreateEventDTO.swift; sourceTree = "<group>"; };
		B7FCBFF92C15A19A00C8C531 /* SignOutDTO.swift */ = {isa = PBXFileReference; lastKnownFileType = sourcecode.swift; path = SignOutDTO.swift; sourceTree = "<group>"; };
		B7FCBFFC2C15A85B00C8C531 /* CreateParticipantDTO.swift */ = {isa = PBXFileReference; lastKnownFileType = sourcecode.swift; path = CreateParticipantDTO.swift; sourceTree = "<group>"; };
		BC27116F2C195D8C00A99157 /* SignupForm.swift */ = {isa = PBXFileReference; lastKnownFileType = sourcecode.swift; path = SignupForm.swift; sourceTree = "<group>"; };
		BC2711722C195F8C00A99157 /* TabScreenView.swift */ = {isa = PBXFileReference; lastKnownFileType = sourcecode.swift; path = TabScreenView.swift; sourceTree = "<group>"; };
		BC2711742C19909D00A99157 /* HomeTest.swift */ = {isa = PBXFileReference; lastKnownFileType = sourcecode.swift; path = HomeTest.swift; sourceTree = "<group>"; };
		BC2711762C1990FF00A99157 /* TabViewEnum.swift */ = {isa = PBXFileReference; lastKnownFileType = sourcecode.swift; path = TabViewEnum.swift; sourceTree = "<group>"; };
		BC27117A2C1991E400A99157 /* ChildView.swift */ = {isa = PBXFileReference; lastKnownFileType = sourcecode.swift; path = ChildView.swift; sourceTree = "<group>"; };
		BC27117E2C19920000A99157 /* SecondChildView.swift */ = {isa = PBXFileReference; lastKnownFileType = sourcecode.swift; path = SecondChildView.swift; sourceTree = "<group>"; };
		BC6157C42C1E0CF400F78A9E /* SearchBar.swift */ = {isa = PBXFileReference; lastKnownFileType = sourcecode.swift; path = SearchBar.swift; sourceTree = "<group>"; };
		BCBE02402C116C1000A9EE3E /* Events.au.app */ = {isa = PBXFileReference; explicitFileType = wrapper.application; includeInIndex = 0; path = Events.au.app; sourceTree = BUILT_PRODUCTS_DIR; };
		BCBE02432C116C1000A9EE3E /* Events_auApp.swift */ = {isa = PBXFileReference; lastKnownFileType = sourcecode.swift; path = Events_auApp.swift; sourceTree = "<group>"; };
		BCBE02452C116C1000A9EE3E /* ContentView.swift */ = {isa = PBXFileReference; lastKnownFileType = sourcecode.swift; path = ContentView.swift; sourceTree = "<group>"; };
		BCBE02472C116C1300A9EE3E /* Assets.xcassets */ = {isa = PBXFileReference; lastKnownFileType = folder.assetcatalog; path = Assets.xcassets; sourceTree = "<group>"; };
		BCBE024A2C116C1300A9EE3E /* Preview Assets.xcassets */ = {isa = PBXFileReference; lastKnownFileType = folder.assetcatalog; path = "Preview Assets.xcassets"; sourceTree = "<group>"; };
		BCBE02512C116C4400A9EE3E /* Service.swift */ = {isa = PBXFileReference; lastKnownFileType = sourcecode.swift; path = Service.swift; sourceTree = "<group>"; };
		BCBE02532C116C8E00A9EE3E /* Utility.swift */ = {isa = PBXFileReference; lastKnownFileType = sourcecode.swift; path = Utility.swift; sourceTree = "<group>"; };
		BCBE02572C116CCA00A9EE3E /* Helper.swift */ = {isa = PBXFileReference; lastKnownFileType = sourcecode.swift; path = Helper.swift; sourceTree = "<group>"; };
		BCBE025F2C116D2900A9EE3E /* Component.swift */ = {isa = PBXFileReference; lastKnownFileType = sourcecode.swift; path = Component.swift; sourceTree = "<group>"; };
/* End PBXFileReference section */

/* Begin PBXFrameworksBuildPhase section */
		BCBE023D2C116C1000A9EE3E /* Frameworks */ = {
			isa = PBXFrameworksBuildPhase;
			buildActionMask = 2147483647;
			files = (
				B370C6CB2C15254200C28E67 /* GoogleSignIn in Frameworks */,
				B370C6D62C15257F00C28E67 /* FirebaseAnalyticsWithoutAdIdSupport in Frameworks */,
				B370C6CD2C15254200C28E67 /* GoogleSignInSwift in Frameworks */,
				B370C6D02C15257F00C28E67 /* FirebaseAnalytics in Frameworks */,
				B370C6E02C1525AE00C28E67 /* FirebaseAuth in Frameworks */,
				B370C6DB2C15258C00C28E67 /* KeychainAccess in Frameworks */,
				B370C6D82C15257F00C28E67 /* FirebaseAppCheck in Frameworks */,
				B370C6D22C15257F00C28E67 /* FirebaseAnalyticsOnDeviceConversion in Frameworks */,
				B370C6D42C15257F00C28E67 /* FirebaseAnalyticsSwift in Frameworks */,
			);
			runOnlyForDeploymentPostprocessing = 0;
		};
/* End PBXFrameworksBuildPhase section */

/* Begin PBXGroup section */
		B370C6C62C15251000C28E67 /* Managers */ = {
			isa = PBXGroup;
			children = (
				B370C6C72C15251D00C28E67 /* APIManager.swift */,
				B370C6DC2C15259700C28E67 /* FirebaseManager.swift */,
				B370C6E12C1525C200C28E67 /* TokenManager.swift */,
			);
			path = Managers;
			sourceTree = "<group>";
		};
		B370C6DE2C1525AE00C28E67 /* Frameworks */ = {
			isa = PBXGroup;
			children = (
			);
			name = Frameworks;
			sourceTree = "<group>";
		};
		B370C6E52C1525FA00C28E67 /* Handler */ = {
			isa = PBXGroup;
			children = (
				B370C6E62C15260600C28E67 /* AppStateHandler.swift */,
			);
			path = Handler;
			sourceTree = "<group>";
		};
		B370C6E82C15262100C28E67 /* Configuration */ = {
			isa = PBXGroup;
			children = (
				B370C6E92C15263200C28E67 /* AppDelegate.swift */,
			);
			path = Configuration;
			sourceTree = "<group>";
		};
		B715B8CB2C1C8D670018130B /* ModelPreview */ = {
			isa = PBXGroup;
			children = (
				B7DFB3BD2C16138900BB53E7 /* DTOPreview */,
				B7C69A962C14F99E0055DDD9 /* AuthenticationPreview */,
				B731AAD12C15FEE900A3E8C2 /* EventPreview */,
				B7C69A8E2C14F8AB0055DDD9 /* UserPreview */,
				B731AAD82C16066400A3E8C2 /* AdminPreview */,
				B731AADB2C1606D700A3E8C2 /* UnitPreview */,
			);
			path = ModelPreview;
			sourceTree = "<group>";
		};
		B715B8CC2C1C8E2D0018130B /* ViewPreview */ = {
			isa = PBXGroup;
			children = (
				B715B8CD2C1C8E510018130B /* ProfileImagesMock.swift */,
			);
			path = ViewPreview;
			sourceTree = "<group>";
		};
		B731AAD12C15FEE900A3E8C2 /* EventPreview */ = {
			isa = PBXGroup;
			children = (
				B731AAD22C15FEFC00A3E8C2 /* EventMock.swift */,
				B731AAD42C16003300A3E8C2 /* ParticipantMock.swift */,
				B731AAD62C16006900A3E8C2 /* EventUnitMock.swift */,
				B7FC26DC2C19C48F00C1D7FD /* EventImageMock.swift */,
			);
			path = EventPreview;
			sourceTree = "<group>";
		};
		B731AAD82C16066400A3E8C2 /* AdminPreview */ = {
			isa = PBXGroup;
			children = (
				B731AAD92C16066E00A3E8C2 /* AdminMock.swift */,
			);
			path = AdminPreview;
			sourceTree = "<group>";
		};
		B731AADB2C1606D700A3E8C2 /* UnitPreview */ = {
			isa = PBXGroup;
			children = (
				B731AADC2C1606E300A3E8C2 /* UnitMock.swift */,
				B731AAE02C16085700A3E8C2 /* UnitAdminModel.swift */,
			);
			path = UnitPreview;
			sourceTree = "<group>";
		};
		B7C69A872C14F6FF0055DDD9 /* User */ = {
			isa = PBXGroup;
			children = (
				B7C69A632C14D3BA0055DDD9 /* UserModel.swift */,
				B7C69A6D2C14D9EF0055DDD9 /* OrganizerModel.swift */,
			);
			path = User;
			sourceTree = "<group>";
		};
		B7C69A882C14F7240055DDD9 /* Event */ = {
			isa = PBXGroup;
			children = (
				B7C69A6B2C14D8B40055DDD9 /* EventModel.swift */,
				B7C69A852C14E5D50055DDD9 /* ParticipantModel.swift */,
				B7C69A772C14E0210055DDD9 /* EventUnitModel.swift */,
			);
			path = Event;
			sourceTree = "<group>";
		};
		B7C69A892C14F73E0055DDD9 /* Admin */ = {
			isa = PBXGroup;
			children = (
				B7C69A7D2C14E18B0055DDD9 /* AdminModel.swift */,
			);
			path = Admin;
			sourceTree = "<group>";
		};
		B7C69A8A2C14F7450055DDD9 /* Unit */ = {
			isa = PBXGroup;
			children = (
				B7C69A732C14DF380055DDD9 /* UnitModel.swift */,
				B7C69A752C14DF880055DDD9 /* UnitMemberModel.swift */,
				B75057392C160F9300D742E8 /* UnitAdminModel.swift */,
			);
			path = Unit;
			sourceTree = "<group>";
		};
		B7C69A8B2C14F7720055DDD9 /* Authentication */ = {
			isa = PBXGroup;
			children = (
				B7C69A8C2C14F7850055DDD9 /* SignUpModel.swift */,
				B7C69A672C14D78F0055DDD9 /* SignInModel.swift */,
				B7C69A792C14E0D40055DDD9 /* RestrictedTokenModel.swift */,
				B7C69A7B2C14E1160055DDD9 /* SignOutModel.swift */,
			);
			path = Authentication;
			sourceTree = "<group>";
		};
		B7C69A8E2C14F8AB0055DDD9 /* UserPreview */ = {
			isa = PBXGroup;
			children = (
				B7C69A8F2C14F8D30055DDD9 /* UserMock.swift */,
				B7C69A912C14F93D0055DDD9 /* OrganizerMock.swift */,
			);
			path = UserPreview;
			sourceTree = "<group>";
		};
		B7C69A962C14F99E0055DDD9 /* AuthenticationPreview */ = {
			isa = PBXGroup;
			children = (
				B7C69A972C14F9E40055DDD9 /* SignUpMock.swift */,
				B7C69A992C14F9EC0055DDD9 /* SignInMock.swift */,
				B7C69A9D2C14FA850055DDD9 /* SignOutMock.swift */,
			);
			path = AuthenticationPreview;
			sourceTree = "<group>";
		};
		B7DFB3BD2C16138900BB53E7 /* DTOPreview */ = {
			isa = PBXGroup;
			children = (
				B7DFB3BE2C16145000BB53E7 /* SignUpDTOMock.swift */,
				B7DFB3C02C16145800BB53E7 /* SignInDTOMock.swift */,
				B7DFB3C22C16145D00BB53E7 /* SignOutDTOMock.swift */,
			);
			path = DTOPreview;
			sourceTree = "<group>";
		};
		B7DFB3D32C16ED0200BB53E7 /* Authentication */ = {
			isa = PBXGroup;
			children = (
				B7DFB3D62C16ED4300BB53E7 /* ConfirmationView.swift */,
				39FC54212C1388BF00240B93 /* SignInView.swift */,
				BC27116F2C195D8C00A99157 /* SignupForm.swift */,
				39FC54232C1388D800240B93 /* SignupView.swift */,
			);
			path = Authentication;
			sourceTree = "<group>";
		};
		B7DFB4022C17E91A00BB53E7 /* BrandKit */ = {
			isa = PBXGroup;
			children = (
				B7DFB40D2C17EB8900BB53E7 /* SFProDisplay-Semibold.ttf */,
				B7DFB4062C17E93B00BB53E7 /* SFPRODISPLAYREGULAR.OTF */,
				B7720E1B2C11E5B100A053F6 /* Theme.swift */,
			);
			path = BrandKit;
			sourceTree = "<group>";
		};
		B7FCBFFB2C15A23100C8C531 /* RequestBodyDTO */ = {
			isa = PBXGroup;
			children = (
				B7FCBFF32C15964100C8C531 /* SignUpDTO.swift */,
				B7FCBFF52C15966F00C8C531 /* SignInDTO.swift */,
				B7FCBFF92C15A19A00C8C531 /* SignOutDTO.swift */,
				B7FCBFF72C15A15100C8C531 /* CreateEventDTO.swift */,
				B7FCBFFC2C15A85B00C8C531 /* CreateParticipantDTO.swift */,
				B7C69A6F2C14DDAC0055DDD9 /* UpdateEventInfoDTO.swift */,
				B7C69A712C14DE900055DDD9 /* UpdateEventStatusDTO.swift */,
				B7C69A812C14E4280055DDD9 /* UpdateParticipantStatusDTO.swift */,
				B7C69A832C14E5C00055DDD9 /* UpdateEventUnitDTO.swift */,
			);
			path = RequestBodyDTO;
			sourceTree = "<group>";
		};
		BC2711712C195F7700A99157 /* Home */ = {
			isa = PBXGroup;
			children = (
				BC2711742C19909D00A99157 /* HomeTest.swift */,
				BC27117A2C1991E400A99157 /* ChildView.swift */,
				BC27117E2C19920000A99157 /* SecondChildView.swift */,
				BC6157C42C1E0CF400F78A9E /* SearchBar.swift */,
			);
			path = Home;
			sourceTree = "<group>";
		};
		BCBE02372C116C1000A9EE3E = {
			isa = PBXGroup;
			children = (
				BCBE02422C116C1000A9EE3E /* Events.au */,
				BCBE02412C116C1000A9EE3E /* Products */,
				B370C6DE2C1525AE00C28E67 /* Frameworks */,
			);
			sourceTree = "<group>";
		};
		BCBE02412C116C1000A9EE3E /* Products */ = {
			isa = PBXGroup;
			children = (
				BCBE02402C116C1000A9EE3E /* Events.au.app */,
			);
			name = Products;
			sourceTree = "<group>";
		};
		BCBE02422C116C1000A9EE3E /* Events.au */ = {
			isa = PBXGroup;
			children = (
				B7DFB40C2C17E97E00BB53E7 /* Events-au-Info.plist */,
				B370C6E82C15262100C28E67 /* Configuration */,
				B370C6E52C1525FA00C28E67 /* Handler */,
				B370C6C62C15251000C28E67 /* Managers */,
				BCBE02632C116D4F00A9EE3E /* Services */,
				BCBE02642C116D5700A9EE3E /* Utilities */,
				BCBE02652C116D5E00A9EE3E /* Extensions */,
				BCBE02662C116D6400A9EE3E /* Helpers */,
				BCBE02672C116D8F00A9EE3E /* ViewModels */,
				BCBE02682C116D9700A9EE3E /* Views */,
				BCBE02692C116D9B00A9EE3E /* Models */,
				BCBE026A2C116DA100A9EE3E /* Components */,
				BCBE026B2C116DEF00A9EE3E /* DataProviders */,
				B7DFB4022C17E91A00BB53E7 /* BrandKit */,
				BCBE02432C116C1000A9EE3E /* Events_auApp.swift */,
				BCBE02452C116C1000A9EE3E /* ContentView.swift */,
				BCBE02472C116C1300A9EE3E /* Assets.xcassets */,
				BCBE02492C116C1300A9EE3E /* Preview Content */,
			);
			path = Events.au;
			sourceTree = "<group>";
		};
		BCBE02492C116C1300A9EE3E /* Preview Content */ = {
			isa = PBXGroup;
			children = (
				BCBE024A2C116C1300A9EE3E /* Preview Assets.xcassets */,
			);
			path = "Preview Content";
			sourceTree = "<group>";
		};
		BCBE02632C116D4F00A9EE3E /* Services */ = {
			isa = PBXGroup;
			children = (
				BCBE02512C116C4400A9EE3E /* Service.swift */,
				B370C6E32C1525DC00C28E67 /* WebService.swift */,
			);
			path = Services;
			sourceTree = "<group>";
		};
		BCBE02642C116D5700A9EE3E /* Utilities */ = {
			isa = PBXGroup;
			children = (
				BCBE02532C116C8E00A9EE3E /* Utility.swift */,
			);
			path = Utilities;
			sourceTree = "<group>";
		};
		BCBE02652C116D5E00A9EE3E /* Extensions */ = {
			isa = PBXGroup;
			children = (
				B731AAE22C160B9B00A3E8C2 /* Date.swift */,
				B7DFB3DA2C17091C00BB53E7 /* View.swift */,
			);
			path = Extensions;
			sourceTree = "<group>";
		};
		BCBE02662C116D6400A9EE3E /* Helpers */ = {
			isa = PBXGroup;
			children = (
				BCBE02572C116CCA00A9EE3E /* Helper.swift */,
				39FC541D2C1378F300240B93 /* EventAppColorTheme.swift */,
				39FC54252C13F39A00240B93 /* EventAppAutheticationValue.swift */,
				3966D89E2C16053E00910A16 /* EventAppNavigationPathValue.swift */,
				BC2711762C1990FF00A99157 /* TabViewEnum.swift */,
			);
			path = Helpers;
			sourceTree = "<group>";
		};
		BCBE02672C116D8F00A9EE3E /* ViewModels */ = {
			isa = PBXGroup;
			children = (
				B370C6EB2C15267200C28E67 /* GoogleAuthenticationViewModel.swift */,
				B7FC26DA2C19C37000C1D7FD /* GetAllEventsViewModel.swift */,
			);
			path = ViewModels;
			sourceTree = "<group>";
		};
		BCBE02682C116D9700A9EE3E /* Views */ = {
			isa = PBXGroup;
			children = (
				BC2711712C195F7700A99157 /* Home */,
				B7DFB3D32C16ED0200BB53E7 /* Authentication */,
				BC2711722C195F8C00A99157 /* TabScreenView.swift */,
			);
			path = Views;
			sourceTree = "<group>";
		};
		BCBE02692C116D9B00A9EE3E /* Models */ = {
			isa = PBXGroup;
			children = (
				B7FCBFFB2C15A23100C8C531 /* RequestBodyDTO */,
				B7C69A8B2C14F7720055DDD9 /* Authentication */,
				B7C69A882C14F7240055DDD9 /* Event */,
				B7C69A872C14F6FF0055DDD9 /* User */,
				B7C69A892C14F73E0055DDD9 /* Admin */,
				B7C69A8A2C14F7450055DDD9 /* Unit */,
			);
			path = Models;
			sourceTree = "<group>";
		};
		BCBE026A2C116DA100A9EE3E /* Components */ = {
			isa = PBXGroup;
			children = (
				BCBE025F2C116D2900A9EE3E /* Component.swift */,
				B7FC26D62C19C0B800C1D7FD /* ReusableButton.swift */,
				B7FC26D82C19C19F00C1D7FD /* EventCard.swift */,
				B79C361D2C1AC4A5001B4EB5 /* EventParticipants.swift */,
			);
			path = Components;
			sourceTree = "<group>";
		};
		BCBE026B2C116DEF00A9EE3E /* DataProviders */ = {
			isa = PBXGroup;
			children = (
				B715B8CC2C1C8E2D0018130B /* ViewPreview */,
				B715B8CB2C1C8D670018130B /* ModelPreview */,
			);
			path = DataProviders;
			sourceTree = "<group>";
		};
/* End PBXGroup section */

/* Begin PBXNativeTarget section */
		BCBE023F2C116C1000A9EE3E /* Events.au */ = {
			isa = PBXNativeTarget;
			buildConfigurationList = BCBE024E2C116C1300A9EE3E /* Build configuration list for PBXNativeTarget "Events.au" */;
			buildPhases = (
				BCBE023C2C116C1000A9EE3E /* Sources */,
				BCBE023D2C116C1000A9EE3E /* Frameworks */,
				BCBE023E2C116C1000A9EE3E /* Resources */,
			);
			buildRules = (
			);
			dependencies = (
			);
			name = Events.au;
			packageProductDependencies = (
				B370C6CA2C15254200C28E67 /* GoogleSignIn */,
				B370C6CC2C15254200C28E67 /* GoogleSignInSwift */,
				B370C6CF2C15257F00C28E67 /* FirebaseAnalytics */,
				B370C6D12C15257F00C28E67 /* FirebaseAnalyticsOnDeviceConversion */,
				B370C6D32C15257F00C28E67 /* FirebaseAnalyticsSwift */,
				B370C6D52C15257F00C28E67 /* FirebaseAnalyticsWithoutAdIdSupport */,
				B370C6D72C15257F00C28E67 /* FirebaseAppCheck */,
				B370C6DA2C15258C00C28E67 /* KeychainAccess */,
				B370C6DF2C1525AE00C28E67 /* FirebaseAuth */,
			);
			productName = Events.au;
			productReference = BCBE02402C116C1000A9EE3E /* Events.au.app */;
			productType = "com.apple.product-type.application";
		};
/* End PBXNativeTarget section */

/* Begin PBXProject section */
		BCBE02382C116C1000A9EE3E /* Project object */ = {
			isa = PBXProject;
			attributes = {
				BuildIndependentTargetsInParallel = 1;
				LastSwiftUpdateCheck = 1530;
				LastUpgradeCheck = 1530;
				TargetAttributes = {
					BCBE023F2C116C1000A9EE3E = {
						CreatedOnToolsVersion = 15.3;
					};
				};
			};
			buildConfigurationList = BCBE023B2C116C1000A9EE3E /* Build configuration list for PBXProject "Events.au" */;
			compatibilityVersion = "Xcode 14.0";
			developmentRegion = en;
			hasScannedForEncodings = 0;
			knownRegions = (
				en,
				Base,
			);
			mainGroup = BCBE02372C116C1000A9EE3E;
			packageReferences = (
				B370C6C92C15254200C28E67 /* XCRemoteSwiftPackageReference "GoogleSignIn-iOS" */,
				B370C6CE2C15257F00C28E67 /* XCRemoteSwiftPackageReference "firebase-ios-sdk" */,
				B370C6D92C15258C00C28E67 /* XCRemoteSwiftPackageReference "KeychainAccess" */,
			);
			productRefGroup = BCBE02412C116C1000A9EE3E /* Products */;
			projectDirPath = "";
			projectRoot = "";
			targets = (
				BCBE023F2C116C1000A9EE3E /* Events.au */,
			);
		};
/* End PBXProject section */

/* Begin PBXResourcesBuildPhase section */
		BCBE023E2C116C1000A9EE3E /* Resources */ = {
			isa = PBXResourcesBuildPhase;
			buildActionMask = 2147483647;
			files = (
				BCBE02482C116C1300A9EE3E /* Assets.xcassets in Resources */,
			);
			runOnlyForDeploymentPostprocessing = 0;
		};
/* End PBXResourcesBuildPhase section */

/* Begin PBXSourcesBuildPhase section */
		BCBE023C2C116C1000A9EE3E /* Sources */ = {
			isa = PBXSourcesBuildPhase;
			buildActionMask = 2147483647;
			files = (
				B7FCBFF62C15966F00C8C531 /* SignInDTO.swift in Sources */,
				BC27117F2C19920000A99157 /* SecondChildView.swift in Sources */,
				B7DFB3D72C16ED4300BB53E7 /* ConfirmationView.swift in Sources */,
				B370C6E22C1525C200C28E67 /* TokenManager.swift in Sources */,
				B370C6DD2C15259700C28E67 /* FirebaseManager.swift in Sources */,
				B7FCBFF82C15A15100C8C531 /* CreateEventDTO.swift in Sources */,
				B7C69A922C14F93D0055DDD9 /* OrganizerMock.swift in Sources */,
				B7C69A7E2C14E18B0055DDD9 /* AdminModel.swift in Sources */,
				B7C69A642C14D3BA0055DDD9 /* UserModel.swift in Sources */,
				B370C6EC2C15267200C28E67 /* GoogleAuthenticationViewModel.swift in Sources */,
				B7C69A902C14F8D30055DDD9 /* UserMock.swift in Sources */,
				BCBE02542C116C8E00A9EE3E /* Utility.swift in Sources */,
				BC2711702C195D8C00A99157 /* SignupForm.swift in Sources */,
				B7DFB3BF2C16145000BB53E7 /* SignUpDTOMock.swift in Sources */,
				B731AAD52C16003300A3E8C2 /* ParticipantMock.swift in Sources */,
				B7C69A6E2C14D9EF0055DDD9 /* OrganizerModel.swift in Sources */,
				B7720E1C2C11E5B100A053F6 /* Theme.swift in Sources */,
				B370C6E72C15260600C28E67 /* AppStateHandler.swift in Sources */,
				B731AAD32C15FEFC00A3E8C2 /* EventMock.swift in Sources */,
				BCBE02462C116C1000A9EE3E /* ContentView.swift in Sources */,
				B7C69A9E2C14FA850055DDD9 /* SignOutMock.swift in Sources */,
				B7FC26DD2C19C48F00C1D7FD /* EventImageMock.swift in Sources */,
				BC6157C52C1E0CF400F78A9E /* SearchBar.swift in Sources */,
				B370C6C82C15251D00C28E67 /* APIManager.swift in Sources */,
				BC2711732C195F8C00A99157 /* TabScreenView.swift in Sources */,
				B7C69A762C14DF880055DDD9 /* UnitMemberModel.swift in Sources */,
				B7DFB3DB2C17091C00BB53E7 /* View.swift in Sources */,
				B7C69A782C14E0210055DDD9 /* EventUnitModel.swift in Sources */,
				B7C69A702C14DDAC0055DDD9 /* UpdateEventInfoDTO.swift in Sources */,
				BCBE02442C116C1000A9EE3E /* Events_auApp.swift in Sources */,
				B7C69A862C14E5D50055DDD9 /* ParticipantModel.swift in Sources */,
				B370C6EA2C15263200C28E67 /* AppDelegate.swift in Sources */,
				B7C69A7C2C14E1160055DDD9 /* SignOutModel.swift in Sources */,
				BC2711752C19909D00A99157 /* HomeTest.swift in Sources */,
				B7C69A822C14E4280055DDD9 /* UpdateParticipantStatusDTO.swift in Sources */,
				B7FC26D72C19C0B800C1D7FD /* ReusableButton.swift in Sources */,
				B7C69A842C14E5C00055DDD9 /* UpdateEventUnitDTO.swift in Sources */,
				B7FCBFF42C15964100C8C531 /* SignUpDTO.swift in Sources */,
				B370C6E42C1525DC00C28E67 /* WebService.swift in Sources */,
				B715B8CE2C1C8E510018130B /* ProfileImagesMock.swift in Sources */,
				B7FC26D92C19C19F00C1D7FD /* EventCard.swift in Sources */,
				B731AADD2C1606E300A3E8C2 /* UnitMock.swift in Sources */,
				B7C69A8D2C14F7850055DDD9 /* SignUpModel.swift in Sources */,
				B731AAD72C16006900A3E8C2 /* EventUnitMock.swift in Sources */,
				B7FCBFFA2C15A19A00C8C531 /* SignOutDTO.swift in Sources */,
				B7C69A7A2C14E0D40055DDD9 /* RestrictedTokenModel.swift in Sources */,
				B7DFB3C12C16145800BB53E7 /* SignInDTOMock.swift in Sources */,
				BCBE02522C116C4400A9EE3E /* Service.swift in Sources */,
				B7C69A722C14DE900055DDD9 /* UpdateEventStatusDTO.swift in Sources */,
				B7DFB3C32C16145D00BB53E7 /* SignOutDTOMock.swift in Sources */,
				B7C69A6C2C14D8B40055DDD9 /* EventModel.swift in Sources */,
				BC27117B2C1991E400A99157 /* ChildView.swift in Sources */,
				B731AAE32C160B9B00A3E8C2 /* Date.swift in Sources */,
				B7FC26DB2C19C37000C1D7FD /* GetAllEventsViewModel.swift in Sources */,
				B7C69A682C14D78F0055DDD9 /* SignInModel.swift in Sources */,
				BCBE02582C116CCA00A9EE3E /* Helper.swift in Sources */,
				3966D89F2C16053E00910A16 /* EventAppNavigationPathValue.swift in Sources */,
				39FC54262C13F39A00240B93 /* EventAppAutheticationValue.swift in Sources */,
				BC2711772C19910000A99157 /* TabViewEnum.swift in Sources */,
				39FC54242C1388D800240B93 /* SignupView.swift in Sources */,
				39FC541E2C1378F300240B93 /* EventAppColorTheme.swift in Sources */,
				39FC54222C1388BF00240B93 /* SignInView.swift in Sources */,
				B7C69A982C14F9E40055DDD9 /* SignUpMock.swift in Sources */,
				B7C69A742C14DF380055DDD9 /* UnitModel.swift in Sources */,
				B7C69A9A2C14F9EC0055DDD9 /* SignInMock.swift in Sources */,
				B79C361E2C1AC4A5001B4EB5 /* EventParticipants.swift in Sources */,
				B731AADA2C16066E00A3E8C2 /* AdminMock.swift in Sources */,
				BCBE02602C116D2900A9EE3E /* Component.swift in Sources */,
				B750573A2C160F9300D742E8 /* UnitAdminModel.swift in Sources */,
				B7FCBFFD2C15A85B00C8C531 /* CreateParticipantDTO.swift in Sources */,
			);
			runOnlyForDeploymentPostprocessing = 0;
		};
/* End PBXSourcesBuildPhase section */

/* Begin XCBuildConfiguration section */
		BCBE024C2C116C1300A9EE3E /* Debug */ = {
			isa = XCBuildConfiguration;
			buildSettings = {
				ALWAYS_SEARCH_USER_PATHS = NO;
				ASSETCATALOG_COMPILER_GENERATE_SWIFT_ASSET_SYMBOL_EXTENSIONS = YES;
				CLANG_ANALYZER_NONNULL = YES;
				CLANG_ANALYZER_NUMBER_OBJECT_CONVERSION = YES_AGGRESSIVE;
				CLANG_CXX_LANGUAGE_STANDARD = "gnu++20";
				CLANG_ENABLE_MODULES = YES;
				CLANG_ENABLE_OBJC_ARC = YES;
				CLANG_ENABLE_OBJC_WEAK = YES;
				CLANG_WARN_BLOCK_CAPTURE_AUTORELEASING = YES;
				CLANG_WARN_BOOL_CONVERSION = YES;
				CLANG_WARN_COMMA = YES;
				CLANG_WARN_CONSTANT_CONVERSION = YES;
				CLANG_WARN_DEPRECATED_OBJC_IMPLEMENTATIONS = YES;
				CLANG_WARN_DIRECT_OBJC_ISA_USAGE = YES_ERROR;
				CLANG_WARN_DOCUMENTATION_COMMENTS = YES;
				CLANG_WARN_EMPTY_BODY = YES;
				CLANG_WARN_ENUM_CONVERSION = YES;
				CLANG_WARN_INFINITE_RECURSION = YES;
				CLANG_WARN_INT_CONVERSION = YES;
				CLANG_WARN_NON_LITERAL_NULL_CONVERSION = YES;
				CLANG_WARN_OBJC_IMPLICIT_RETAIN_SELF = YES;
				CLANG_WARN_OBJC_LITERAL_CONVERSION = YES;
				CLANG_WARN_OBJC_ROOT_CLASS = YES_ERROR;
				CLANG_WARN_QUOTED_INCLUDE_IN_FRAMEWORK_HEADER = YES;
				CLANG_WARN_RANGE_LOOP_ANALYSIS = YES;
				CLANG_WARN_STRICT_PROTOTYPES = YES;
				CLANG_WARN_SUSPICIOUS_MOVE = YES;
				CLANG_WARN_UNGUARDED_AVAILABILITY = YES_AGGRESSIVE;
				CLANG_WARN_UNREACHABLE_CODE = YES;
				CLANG_WARN__DUPLICATE_METHOD_MATCH = YES;
				COPY_PHASE_STRIP = NO;
				DEBUG_INFORMATION_FORMAT = dwarf;
				ENABLE_STRICT_OBJC_MSGSEND = YES;
				ENABLE_TESTABILITY = YES;
				ENABLE_USER_SCRIPT_SANDBOXING = YES;
				GCC_C_LANGUAGE_STANDARD = gnu17;
				GCC_DYNAMIC_NO_PIC = NO;
				GCC_NO_COMMON_BLOCKS = YES;
				GCC_OPTIMIZATION_LEVEL = 0;
				GCC_PREPROCESSOR_DEFINITIONS = (
					"DEBUG=1",
					"$(inherited)",
				);
				GCC_WARN_64_TO_32_BIT_CONVERSION = YES;
				GCC_WARN_ABOUT_RETURN_TYPE = YES_ERROR;
				GCC_WARN_UNDECLARED_SELECTOR = YES;
				GCC_WARN_UNINITIALIZED_AUTOS = YES_AGGRESSIVE;
				GCC_WARN_UNUSED_FUNCTION = YES;
				GCC_WARN_UNUSED_VARIABLE = YES;
				IPHONEOS_DEPLOYMENT_TARGET = 17.4;
				LOCALIZATION_PREFERS_STRING_CATALOGS = YES;
				MTL_ENABLE_DEBUG_INFO = INCLUDE_SOURCE;
				MTL_FAST_MATH = YES;
				ONLY_ACTIVE_ARCH = YES;
				SDKROOT = iphoneos;
				SWIFT_ACTIVE_COMPILATION_CONDITIONS = "DEBUG $(inherited)";
				SWIFT_OPTIMIZATION_LEVEL = "-Onone";
			};
			name = Debug;
		};
		BCBE024D2C116C1300A9EE3E /* Release */ = {
			isa = XCBuildConfiguration;
			buildSettings = {
				ALWAYS_SEARCH_USER_PATHS = NO;
				ASSETCATALOG_COMPILER_GENERATE_SWIFT_ASSET_SYMBOL_EXTENSIONS = YES;
				CLANG_ANALYZER_NONNULL = YES;
				CLANG_ANALYZER_NUMBER_OBJECT_CONVERSION = YES_AGGRESSIVE;
				CLANG_CXX_LANGUAGE_STANDARD = "gnu++20";
				CLANG_ENABLE_MODULES = YES;
				CLANG_ENABLE_OBJC_ARC = YES;
				CLANG_ENABLE_OBJC_WEAK = YES;
				CLANG_WARN_BLOCK_CAPTURE_AUTORELEASING = YES;
				CLANG_WARN_BOOL_CONVERSION = YES;
				CLANG_WARN_COMMA = YES;
				CLANG_WARN_CONSTANT_CONVERSION = YES;
				CLANG_WARN_DEPRECATED_OBJC_IMPLEMENTATIONS = YES;
				CLANG_WARN_DIRECT_OBJC_ISA_USAGE = YES_ERROR;
				CLANG_WARN_DOCUMENTATION_COMMENTS = YES;
				CLANG_WARN_EMPTY_BODY = YES;
				CLANG_WARN_ENUM_CONVERSION = YES;
				CLANG_WARN_INFINITE_RECURSION = YES;
				CLANG_WARN_INT_CONVERSION = YES;
				CLANG_WARN_NON_LITERAL_NULL_CONVERSION = YES;
				CLANG_WARN_OBJC_IMPLICIT_RETAIN_SELF = YES;
				CLANG_WARN_OBJC_LITERAL_CONVERSION = YES;
				CLANG_WARN_OBJC_ROOT_CLASS = YES_ERROR;
				CLANG_WARN_QUOTED_INCLUDE_IN_FRAMEWORK_HEADER = YES;
				CLANG_WARN_RANGE_LOOP_ANALYSIS = YES;
				CLANG_WARN_STRICT_PROTOTYPES = YES;
				CLANG_WARN_SUSPICIOUS_MOVE = YES;
				CLANG_WARN_UNGUARDED_AVAILABILITY = YES_AGGRESSIVE;
				CLANG_WARN_UNREACHABLE_CODE = YES;
				CLANG_WARN__DUPLICATE_METHOD_MATCH = YES;
				COPY_PHASE_STRIP = NO;
				DEBUG_INFORMATION_FORMAT = "dwarf-with-dsym";
				ENABLE_NS_ASSERTIONS = NO;
				ENABLE_STRICT_OBJC_MSGSEND = YES;
				ENABLE_USER_SCRIPT_SANDBOXING = YES;
				GCC_C_LANGUAGE_STANDARD = gnu17;
				GCC_NO_COMMON_BLOCKS = YES;
				GCC_WARN_64_TO_32_BIT_CONVERSION = YES;
				GCC_WARN_ABOUT_RETURN_TYPE = YES_ERROR;
				GCC_WARN_UNDECLARED_SELECTOR = YES;
				GCC_WARN_UNINITIALIZED_AUTOS = YES_AGGRESSIVE;
				GCC_WARN_UNUSED_FUNCTION = YES;
				GCC_WARN_UNUSED_VARIABLE = YES;
				IPHONEOS_DEPLOYMENT_TARGET = 17.4;
				LOCALIZATION_PREFERS_STRING_CATALOGS = YES;
				MTL_ENABLE_DEBUG_INFO = NO;
				MTL_FAST_MATH = YES;
				SDKROOT = iphoneos;
				SWIFT_COMPILATION_MODE = wholemodule;
				VALIDATE_PRODUCT = YES;
			};
			name = Release;
		};
		BCBE024F2C116C1300A9EE3E /* Debug */ = {
			isa = XCBuildConfiguration;
			buildSettings = {
				ASSETCATALOG_COMPILER_APPICON_NAME = AppIcon;
				ASSETCATALOG_COMPILER_GLOBAL_ACCENT_COLOR_NAME = AccentColor;
				CODE_SIGN_IDENTITY = "Apple Development";
				CODE_SIGN_STYLE = Automatic;
				CURRENT_PROJECT_VERSION = 1;
				DEVELOPMENT_ASSET_PATHS = "\"Events.au/Preview Content\"";
				DEVELOPMENT_TEAM = GN86H89432;
				ENABLE_PREVIEWS = YES;
				GENERATE_INFOPLIST_FILE = YES;
				INFOPLIST_FILE = "Events-au-Info.plist";
				INFOPLIST_KEY_UIApplicationSceneManifest_Generation = YES;
				INFOPLIST_KEY_UIApplicationSupportsIndirectInputEvents = YES;
				INFOPLIST_KEY_UILaunchScreen_Generation = YES;
				INFOPLIST_KEY_UISupportedInterfaceOrientations_iPad = "UIInterfaceOrientationPortrait UIInterfaceOrientationPortraitUpsideDown UIInterfaceOrientationLandscapeLeft UIInterfaceOrientationLandscapeRight";
				INFOPLIST_KEY_UISupportedInterfaceOrientations_iPhone = "UIInterfaceOrientationPortrait UIInterfaceOrientationLandscapeLeft UIInterfaceOrientationLandscapeRight";
				LD_RUNPATH_SEARCH_PATHS = (
					"$(inherited)",
					"@executable_path/Frameworks",
				);
				MARKETING_VERSION = 1.0;
				PRODUCT_BUNDLE_IDENTIFIER = "com.austinxu.decode.events-au";
				PRODUCT_NAME = "$(TARGET_NAME)";
				PROVISIONING_PROFILE_SPECIFIER = "";
				SWIFT_EMIT_LOC_STRINGS = YES;
				SWIFT_VERSION = 5.0;
				TARGETED_DEVICE_FAMILY = "1,2";
			};
			name = Debug;
		};
		BCBE02502C116C1300A9EE3E /* Release */ = {
			isa = XCBuildConfiguration;
			buildSettings = {
				ASSETCATALOG_COMPILER_APPICON_NAME = AppIcon;
				ASSETCATALOG_COMPILER_GLOBAL_ACCENT_COLOR_NAME = AccentColor;
				CODE_SIGN_IDENTITY = "Apple Development";
				CODE_SIGN_STYLE = Automatic;
				CURRENT_PROJECT_VERSION = 1;
				DEVELOPMENT_ASSET_PATHS = "\"Events.au/Preview Content\"";
				DEVELOPMENT_TEAM = GN86H89432;
				ENABLE_PREVIEWS = YES;
				GENERATE_INFOPLIST_FILE = YES;
				INFOPLIST_FILE = "Events-au-Info.plist";
				INFOPLIST_KEY_UIApplicationSceneManifest_Generation = YES;
				INFOPLIST_KEY_UIApplicationSupportsIndirectInputEvents = YES;
				INFOPLIST_KEY_UILaunchScreen_Generation = YES;
				INFOPLIST_KEY_UISupportedInterfaceOrientations_iPad = "UIInterfaceOrientationPortrait UIInterfaceOrientationPortraitUpsideDown UIInterfaceOrientationLandscapeLeft UIInterfaceOrientationLandscapeRight";
				INFOPLIST_KEY_UISupportedInterfaceOrientations_iPhone = "UIInterfaceOrientationPortrait UIInterfaceOrientationLandscapeLeft UIInterfaceOrientationLandscapeRight";
				LD_RUNPATH_SEARCH_PATHS = (
					"$(inherited)",
					"@executable_path/Frameworks",
				);
				MARKETING_VERSION = 1.0;
				PRODUCT_BUNDLE_IDENTIFIER = "com.austinxu.decode.events-au";
				PRODUCT_NAME = "$(TARGET_NAME)";
				PROVISIONING_PROFILE_SPECIFIER = "";
				SWIFT_EMIT_LOC_STRINGS = YES;
				SWIFT_VERSION = 5.0;
				TARGETED_DEVICE_FAMILY = "1,2";
			};
			name = Release;
		};
/* End XCBuildConfiguration section */

/* Begin XCConfigurationList section */
		BCBE023B2C116C1000A9EE3E /* Build configuration list for PBXProject "Events.au" */ = {
			isa = XCConfigurationList;
			buildConfigurations = (
				BCBE024C2C116C1300A9EE3E /* Debug */,
				BCBE024D2C116C1300A9EE3E /* Release */,
			);
			defaultConfigurationIsVisible = 0;
			defaultConfigurationName = Release;
		};
		BCBE024E2C116C1300A9EE3E /* Build configuration list for PBXNativeTarget "Events.au" */ = {
			isa = XCConfigurationList;
			buildConfigurations = (
				BCBE024F2C116C1300A9EE3E /* Debug */,
				BCBE02502C116C1300A9EE3E /* Release */,
			);
			defaultConfigurationIsVisible = 0;
			defaultConfigurationName = Release;
		};
/* End XCConfigurationList section */

/* Begin XCRemoteSwiftPackageReference section */
		B370C6C92C15254200C28E67 /* XCRemoteSwiftPackageReference "GoogleSignIn-iOS" */ = {
			isa = XCRemoteSwiftPackageReference;
			repositoryURL = "https://github.com/google/GoogleSignIn-iOS";
			requirement = {
				kind = upToNextMajorVersion;
				minimumVersion = 7.1.0;
			};
		};
		B370C6CE2C15257F00C28E67 /* XCRemoteSwiftPackageReference "firebase-ios-sdk" */ = {
			isa = XCRemoteSwiftPackageReference;
			repositoryURL = "https://github.com/firebase/firebase-ios-sdk.git";
			requirement = {
				kind = upToNextMajorVersion;
				minimumVersion = 10.27.0;
			};
		};
		B370C6D92C15258C00C28E67 /* XCRemoteSwiftPackageReference "KeychainAccess" */ = {
			isa = XCRemoteSwiftPackageReference;
			repositoryURL = "https://github.com/kishikawakatsumi/KeychainAccess";
			requirement = {
				branch = master;
				kind = branch;
			};
		};
/* End XCRemoteSwiftPackageReference section */

/* Begin XCSwiftPackageProductDependency section */
		B370C6CA2C15254200C28E67 /* GoogleSignIn */ = {
			isa = XCSwiftPackageProductDependency;
			package = B370C6C92C15254200C28E67 /* XCRemoteSwiftPackageReference "GoogleSignIn-iOS" */;
			productName = GoogleSignIn;
		};
		B370C6CC2C15254200C28E67 /* GoogleSignInSwift */ = {
			isa = XCSwiftPackageProductDependency;
			package = B370C6C92C15254200C28E67 /* XCRemoteSwiftPackageReference "GoogleSignIn-iOS" */;
			productName = GoogleSignInSwift;
		};
		B370C6CF2C15257F00C28E67 /* FirebaseAnalytics */ = {
			isa = XCSwiftPackageProductDependency;
			package = B370C6CE2C15257F00C28E67 /* XCRemoteSwiftPackageReference "firebase-ios-sdk" */;
			productName = FirebaseAnalytics;
		};
		B370C6D12C15257F00C28E67 /* FirebaseAnalyticsOnDeviceConversion */ = {
			isa = XCSwiftPackageProductDependency;
			package = B370C6CE2C15257F00C28E67 /* XCRemoteSwiftPackageReference "firebase-ios-sdk" */;
			productName = FirebaseAnalyticsOnDeviceConversion;
		};
		B370C6D32C15257F00C28E67 /* FirebaseAnalyticsSwift */ = {
			isa = XCSwiftPackageProductDependency;
			package = B370C6CE2C15257F00C28E67 /* XCRemoteSwiftPackageReference "firebase-ios-sdk" */;
			productName = FirebaseAnalyticsSwift;
		};
		B370C6D52C15257F00C28E67 /* FirebaseAnalyticsWithoutAdIdSupport */ = {
			isa = XCSwiftPackageProductDependency;
			package = B370C6CE2C15257F00C28E67 /* XCRemoteSwiftPackageReference "firebase-ios-sdk" */;
			productName = FirebaseAnalyticsWithoutAdIdSupport;
		};
		B370C6D72C15257F00C28E67 /* FirebaseAppCheck */ = {
			isa = XCSwiftPackageProductDependency;
			package = B370C6CE2C15257F00C28E67 /* XCRemoteSwiftPackageReference "firebase-ios-sdk" */;
			productName = FirebaseAppCheck;
		};
		B370C6DA2C15258C00C28E67 /* KeychainAccess */ = {
			isa = XCSwiftPackageProductDependency;
			package = B370C6D92C15258C00C28E67 /* XCRemoteSwiftPackageReference "KeychainAccess" */;
			productName = KeychainAccess;
		};
		B370C6DF2C1525AE00C28E67 /* FirebaseAuth */ = {
			isa = XCSwiftPackageProductDependency;
			package = B370C6CE2C15257F00C28E67 /* XCRemoteSwiftPackageReference "firebase-ios-sdk" */;
			productName = FirebaseAuth;
		};
/* End XCSwiftPackageProductDependency section */
	};
	rootObject = BCBE02382C116C1000A9EE3E /* Project object */;
}
